
Microsoft Visual Studio Solution File, Format Version 12.00
Project("{FAE04EC0-301F-11D3-BF4B-00C04F79EFBC}") = "Jbi.UnitOfWork.Abstractions", "src/Jbi.UnitOfWork.Abstractions\Jbi.UnitOfWork.Abstractions.csproj", "{804B0099-ED96-4871-9B5A-FDB473E87BDC}"
EndProject
Project("{FAE04EC0-301F-11D3-BF4B-00C04F79EFBC}") = "Jbi.UnitOfWork", "src/Jbi.UnitOfWork\Jbi.UnitOfWork.csproj", "{77C2C6E5-90B0-4DD3-B104-BDBBCAC0A091}"
EndProject
Project("{FAE04EC0-301F-11D3-BF4B-00C04F79EFBC}") = "Jbi.UnitOfWork.Npqsql", "src/Jbi.UnitOfWork.Npqsql\Jbi.UnitOfWork.Npqsql.csproj", "{C9CF7FB3-4EA8-4697-B2A1-4D2CCDFC0C0D}"
EndProject
Global
	GlobalSection(SolutionConfigurationPlatforms) = preSolution
		Debug|Any CPU = Debug|Any CPU
		Release|Any CPU = Release|Any CPU
	EndGlobalSection
	GlobalSection(ProjectConfigurationPlatforms) = postSolution
		{804B0099-ED96-4871-9B5A-FDB473E87BDC}.Debug|Any CPU.ActiveCfg = Debug|Any CPU
		{804B0099-ED96-4871-9B5A-FDB473E87BDC}.Debug|Any CPU.Build.0 = Debug|Any CPU
		{804B0099-ED96-4871-9B5A-FDB473E87BDC}.Release|Any CPU.ActiveCfg = Release|Any CPU
		{804B0099-ED96-4871-9B5A-FDB473E87BDC}.Release|Any CPU.Build.0 = Release|Any CPU
		{77C2C6E5-90B0-4DD3-B104-BDBBCAC0A091}.Debug|Any CPU.ActiveCfg = Debug|Any CPU
		{77C2C6E5-90B0-4DD3-B104-BDBBCAC0A091}.Debug|Any CPU.Build.0 = Debug|Any CPU
		{77C2C6E5-90B0-4DD3-B104-BDBBCAC0A091}.Release|Any CPU.ActiveCfg = Release|Any CPU
		{77C2C6E5-90B0-4DD3-B104-BDBBCAC0A091}.Release|Any CPU.Build.0 = Release|Any CPU
		{C9CF7FB3-4EA8-4697-B2A1-4D2CCDFC0C0D}.Debug|Any CPU.ActiveCfg = Debug|Any CPU
		{C9CF7FB3-4EA8-4697-B2A1-4D2CCDFC0C0D}.Debug|Any CPU.Build.0 = Debug|Any CPU
		{C9CF7FB3-4EA8-4697-B2A1-4D2CCDFC0C0D}.Release|Any CPU.ActiveCfg = Release|Any CPU
		{C9CF7FB3-4EA8-4697-B2A1-4D2CCDFC0C0D}.Release|Any CPU.Build.0 = Release|Any CPU
	EndGlobalSection
EndGlobal
